// !$*UTF8*$!
{
	archiveVersion = 1;
	classes = {
	};
	objectVersion = 50;
	objects = {

/* Begin PBXBuildFile section */
		0292285C1CF7A75A66C3B7E3 /* Pods_RakutenRanking.framework in Frameworks */ = {isa = PBXBuildFile; fileRef = 2C2916175496D949D3264E76 /* Pods_RakutenRanking.framework */; };
		4524C755218BC57100E2B16B /* common.framework in Frameworks */ = {isa = PBXBuildFile; fileRef = 4524C754218BC57000E2B16B /* common.framework */; };
		4524C756218BC57100E2B16B /* common.framework in Embed Frameworks */ = {isa = PBXBuildFile; fileRef = 4524C754218BC57000E2B16B /* common.framework */; settings = {ATTRIBUTES = (CodeSignOnCopy, RemoveHeadersOnCopy, ); }; };
		45582E2121985F5D001A0F5D /* RankingItemCell.xib in Resources */ = {isa = PBXBuildFile; fileRef = 45582E2021985F5D001A0F5D /* RankingItemCell.xib */; };
		45582E2321985F7B001A0F5D /* RankingItemCell.swift in Sources */ = {isa = PBXBuildFile; fileRef = 45582E2221985F7B001A0F5D /* RankingItemCell.swift */; };
		45582E2E21999A39001A0F5D /* ReusableView.swift in Sources */ = {isa = PBXBuildFile; fileRef = 45582E2D21999A39001A0F5D /* ReusableView.swift */; };
		45582E3021999BB7001A0F5D /* NibLoadableView.swift in Sources */ = {isa = PBXBuildFile; fileRef = 45582E2F21999BB7001A0F5D /* NibLoadableView.swift */; };
		45582E3221999C1B001A0F5D /* UITableView+Extension.swift in Sources */ = {isa = PBXBuildFile; fileRef = 45582E3121999C1B001A0F5D /* UITableView+Extension.swift */; };
		45582E342199A346001A0F5D /* Int+Extension.swift in Sources */ = {isa = PBXBuildFile; fileRef = 45582E332199A346001A0F5D /* Int+Extension.swift */; };
		45779770219FD6E900E69F1E /* RankingHistoryItemCell.swift in Sources */ = {isa = PBXBuildFile; fileRef = 4577976E219FD6E900E69F1E /* RankingHistoryItemCell.swift */; };
		45779771219FD6E900E69F1E /* RankingHistoryItemCell.xib in Resources */ = {isa = PBXBuildFile; fileRef = 4577976F219FD6E900E69F1E /* RankingHistoryItemCell.xib */; };
		45779773219FD8C500E69F1E /* UICollectionView+Extension.swift in Sources */ = {isa = PBXBuildFile; fileRef = 45779772219FD8C500E69F1E /* UICollectionView+Extension.swift */; };
		45779777219FFBCB00E69F1E /* RankingHeaderView.swift in Sources */ = {isa = PBXBuildFile; fileRef = 45779776219FFBCB00E69F1E /* RankingHeaderView.swift */; };
		45D058242183F4EF008B23CE /* AppDelegate.swift in Sources */ = {isa = PBXBuildFile; fileRef = 45D058232183F4EF008B23CE /* AppDelegate.swift */; };
		45D058262183F4EF008B23CE /* RankingViewController.swift in Sources */ = {isa = PBXBuildFile; fileRef = 45D058252183F4EF008B23CE /* RankingViewController.swift */; };
		45D0582B2183F4F0008B23CE /* Assets.xcassets in Resources */ = {isa = PBXBuildFile; fileRef = 45D0582A2183F4F0008B23CE /* Assets.xcassets */; };
		45D0582E2183F4F0008B23CE /* LaunchScreen.storyboard in Resources */ = {isa = PBXBuildFile; fileRef = 45D0582C2183F4F0008B23CE /* LaunchScreen.storyboard */; };
/* End PBXBuildFile section */

/* Begin PBXCopyFilesBuildPhase section */
		4524C757218BC57100E2B16B /* Embed Frameworks */ = {
			isa = PBXCopyFilesBuildPhase;
			buildActionMask = 2147483647;
			dstPath = "";
			dstSubfolderSpec = 10;
			files = (
				4524C756218BC57100E2B16B /* common.framework in Embed Frameworks */,
			);
			name = "Embed Frameworks";
			runOnlyForDeploymentPostprocessing = 0;
		};
/* End PBXCopyFilesBuildPhase section */

/* Begin PBXFileReference section */
		2C2916175496D949D3264E76 /* Pods_RakutenRanking.framework */ = {isa = PBXFileReference; explicitFileType = wrapper.framework; includeInIndex = 0; path = Pods_RakutenRanking.framework; sourceTree = BUILT_PRODUCTS_DIR; };
		4231D5D884195DBA0566C1DE /* Pods-RakutenRanking.release.xcconfig */ = {isa = PBXFileReference; includeInIndex = 1; lastKnownFileType = text.xcconfig; name = "Pods-RakutenRanking.release.xcconfig"; path = "Pods/Target Support Files/Pods-RakutenRanking/Pods-RakutenRanking.release.xcconfig"; sourceTree = "<group>"; };
		4524C754218BC57000E2B16B /* common.framework */ = {isa = PBXFileReference; lastKnownFileType = wrapper.framework; name = common.framework; path = "../common/build/xcode-frameworks/common.framework"; sourceTree = "<group>"; };
		45582E2021985F5D001A0F5D /* RankingItemCell.xib */ = {isa = PBXFileReference; lastKnownFileType = file.xib; path = RankingItemCell.xib; sourceTree = "<group>"; };
		45582E2221985F7B001A0F5D /* RankingItemCell.swift */ = {isa = PBXFileReference; lastKnownFileType = sourcecode.swift; path = RankingItemCell.swift; sourceTree = "<group>"; };
		45582E2D21999A39001A0F5D /* ReusableView.swift */ = {isa = PBXFileReference; lastKnownFileType = sourcecode.swift; path = ReusableView.swift; sourceTree = "<group>"; };
		45582E2F21999BB7001A0F5D /* NibLoadableView.swift */ = {isa = PBXFileReference; lastKnownFileType = sourcecode.swift; path = NibLoadableView.swift; sourceTree = "<group>"; };
		45582E3121999C1B001A0F5D /* UITableView+Extension.swift */ = {isa = PBXFileReference; lastKnownFileType = sourcecode.swift; path = "UITableView+Extension.swift"; sourceTree = "<group>"; };
		45582E332199A346001A0F5D /* Int+Extension.swift */ = {isa = PBXFileReference; lastKnownFileType = sourcecode.swift; path = "Int+Extension.swift"; sourceTree = "<group>"; };
		4577976E219FD6E900E69F1E /* RankingHistoryItemCell.swift */ = {isa = PBXFileReference; lastKnownFileType = sourcecode.swift; path = RankingHistoryItemCell.swift; sourceTree = "<group>"; };
		4577976F219FD6E900E69F1E /* RankingHistoryItemCell.xib */ = {isa = PBXFileReference; lastKnownFileType = file.xib; path = RankingHistoryItemCell.xib; sourceTree = "<group>"; };
		45779772219FD8C500E69F1E /* UICollectionView+Extension.swift */ = {isa = PBXFileReference; lastKnownFileType = sourcecode.swift; path = "UICollectionView+Extension.swift"; sourceTree = "<group>"; };
		45779776219FFBCB00E69F1E /* RankingHeaderView.swift */ = {isa = PBXFileReference; lastKnownFileType = sourcecode.swift; path = RankingHeaderView.swift; sourceTree = "<group>"; };
		45D058202183F4EF008B23CE /* RakutenRanking.app */ = {isa = PBXFileReference; explicitFileType = wrapper.application; includeInIndex = 0; path = RakutenRanking.app; sourceTree = BUILT_PRODUCTS_DIR; };
		45D058232183F4EF008B23CE /* AppDelegate.swift */ = {isa = PBXFileReference; lastKnownFileType = sourcecode.swift; path = AppDelegate.swift; sourceTree = "<group>"; };
		45D058252183F4EF008B23CE /* RankingViewController.swift */ = {isa = PBXFileReference; lastKnownFileType = sourcecode.swift; path = RankingViewController.swift; sourceTree = "<group>"; };
		45D0582A2183F4F0008B23CE /* Assets.xcassets */ = {isa = PBXFileReference; lastKnownFileType = folder.assetcatalog; path = Assets.xcassets; sourceTree = "<group>"; };
		45D0582D2183F4F0008B23CE /* Base */ = {isa = PBXFileReference; lastKnownFileType = file.storyboard; name = Base; path = Base.lproj/LaunchScreen.storyboard; sourceTree = "<group>"; };
		45D0582F2183F4F0008B23CE /* Info.plist */ = {isa = PBXFileReference; lastKnownFileType = text.plist.xml; path = Info.plist; sourceTree = "<group>"; };
		832D32252C0904F9D1FFFF3B /* Pods-RakutenRanking.debug.xcconfig */ = {isa = PBXFileReference; includeInIndex = 1; lastKnownFileType = text.xcconfig; name = "Pods-RakutenRanking.debug.xcconfig"; path = "Pods/Target Support Files/Pods-RakutenRanking/Pods-RakutenRanking.debug.xcconfig"; sourceTree = "<group>"; };
/* End PBXFileReference section */

/* Begin PBXFrameworksBuildPhase section */
		45D0581D2183F4EE008B23CE /* Frameworks */ = {
			isa = PBXFrameworksBuildPhase;
			buildActionMask = 2147483647;
			files = (
				4524C755218BC57100E2B16B /* common.framework in Frameworks */,
				0292285C1CF7A75A66C3B7E3 /* Pods_RakutenRanking.framework in Frameworks */,
			);
			runOnlyForDeploymentPostprocessing = 0;
		};
/* End PBXFrameworksBuildPhase section */

/* Begin PBXGroup section */
		0BE09D1FC6FE5D93914AF715 /* Frameworks */ = {
			isa = PBXGroup;
			children = (
				4524C754218BC57000E2B16B /* common.framework */,
				2C2916175496D949D3264E76 /* Pods_RakutenRanking.framework */,
			);
			name = Frameworks;
			sourceTree = "<group>";
		};
		45582E29219993D7001A0F5D /* Source */ = {
			isa = PBXGroup;
			children = (
				45582E2C219994CF001A0F5D /* Library */,
				45582E2A2199941A001A0F5D /* Presentation */,
				45D058232183F4EF008B23CE /* AppDelegate.swift */,
				45D0582C2183F4F0008B23CE /* LaunchScreen.storyboard */,
			);
			path = Source;
			sourceTree = "<group>";
		};
		45582E2A2199941A001A0F5D /* Presentation */ = {
			isa = PBXGroup;
			children = (
				45582E2B2199944E001A0F5D /* Ranking */,
			);
			path = Presentation;
			sourceTree = "<group>";
		};
		45582E2B2199944E001A0F5D /* Ranking */ = {
			isa = PBXGroup;
			children = (
				45D058252183F4EF008B23CE /* RankingViewController.swift */,
				45582E2221985F7B001A0F5D /* RankingItemCell.swift */,
				45582E2021985F5D001A0F5D /* RankingItemCell.xib */,
				4577976E219FD6E900E69F1E /* RankingHistoryItemCell.swift */,
				4577976F219FD6E900E69F1E /* RankingHistoryItemCell.xib */,
				45779776219FFBCB00E69F1E /* RankingHeaderView.swift */,
			);
			path = Ranking;
			sourceTree = "<group>";
		};
		45582E2C219994CF001A0F5D /* Library */ = {
			isa = PBXGroup;
			children = (
				45582E2D21999A39001A0F5D /* ReusableView.swift */,
				45582E2F21999BB7001A0F5D /* NibLoadableView.swift */,
				45582E3121999C1B001A0F5D /* UITableView+Extension.swift */,
				45779772219FD8C500E69F1E /* UICollectionView+Extension.swift */,
				45582E332199A346001A0F5D /* Int+Extension.swift */,
			);
			path = Library;
			sourceTree = "<group>";
		};
		45D058172183F4EE008B23CE = {
			isa = PBXGroup;
			children = (
				45D058222183F4EF008B23CE /* RakutenRanking */,
				45D058212183F4EF008B23CE /* Products */,
				71EFA028644E8FA440475648 /* Pods */,
				0BE09D1FC6FE5D93914AF715 /* Frameworks */,
			);
			sourceTree = "<group>";
		};
		45D058212183F4EF008B23CE /* Products */ = {
			isa = PBXGroup;
			children = (
				45D058202183F4EF008B23CE /* RakutenRanking.app */,
			);
			name = Products;
			sourceTree = "<group>";
		};
		45D058222183F4EF008B23CE /* RakutenRanking */ = {
			isa = PBXGroup;
			children = (
				45582E29219993D7001A0F5D /* Source */,
				45D0582A2183F4F0008B23CE /* Assets.xcassets */,
				45D0582F2183F4F0008B23CE /* Info.plist */,
			);
			path = RakutenRanking;
			sourceTree = "<group>";
		};
		71EFA028644E8FA440475648 /* Pods */ = {
			isa = PBXGroup;
			children = (
				832D32252C0904F9D1FFFF3B /* Pods-RakutenRanking.debug.xcconfig */,
				4231D5D884195DBA0566C1DE /* Pods-RakutenRanking.release.xcconfig */,
			);
			name = Pods;
			sourceTree = "<group>";
		};
/* End PBXGroup section */

/* Begin PBXNativeTarget section */
		45D0581F2183F4EE008B23CE /* RakutenRanking */ = {
			isa = PBXNativeTarget;
			buildConfigurationList = 45D058322183F4F0008B23CE /* Build configuration list for PBXNativeTarget "RakutenRanking" */;
			buildPhases = (
				BC63ADE8A17CC86FB78B69BF /* [CP] Check Pods Manifest.lock */,
				458BC3D22183FCFC001CE96B /* Build Kotlin Native */,
				45D0581C2183F4EE008B23CE /* Sources */,
				45D0581D2183F4EE008B23CE /* Frameworks */,
				45D0581E2183F4EE008B23CE /* Resources */,
				4524C757218BC57100E2B16B /* Embed Frameworks */,
				6D2A4D0B68E041842DFD6E51 /* [CP] Embed Pods Frameworks */,
			);
			buildRules = (
			);
			dependencies = (
			);
			name = RakutenRanking;
			productName = RakutenRanking;
			productReference = 45D058202183F4EF008B23CE /* RakutenRanking.app */;
			productType = "com.apple.product-type.application";
		};
/* End PBXNativeTarget section */

/* Begin PBXProject section */
		45D058182183F4EE008B23CE /* Project object */ = {
			isa = PBXProject;
			attributes = {
				LastSwiftUpdateCheck = 1000;
				LastUpgradeCheck = 1000;
				ORGANIZATIONNAME = watabee;
				TargetAttributes = {
					45D0581F2183F4EE008B23CE = {
						CreatedOnToolsVersion = 10.0;
					};
				};
			};
			buildConfigurationList = 45D0581B2183F4EE008B23CE /* Build configuration list for PBXProject "RakutenRanking" */;
			compatibilityVersion = "Xcode 9.3";
			developmentRegion = en;
			hasScannedForEncodings = 0;
			knownRegions = (
				en,
				Base,
			);
			mainGroup = 45D058172183F4EE008B23CE;
			productRefGroup = 45D058212183F4EF008B23CE /* Products */;
			projectDirPath = "";
			projectRoot = "";
			targets = (
				45D0581F2183F4EE008B23CE /* RakutenRanking */,
			);
		};
/* End PBXProject section */

/* Begin PBXResourcesBuildPhase section */
		45D0581E2183F4EE008B23CE /* Resources */ = {
			isa = PBXResourcesBuildPhase;
			buildActionMask = 2147483647;
			files = (
				45582E2121985F5D001A0F5D /* RankingItemCell.xib in Resources */,
				45D0582E2183F4F0008B23CE /* LaunchScreen.storyboard in Resources */,
				45779771219FD6E900E69F1E /* RankingHistoryItemCell.xib in Resources */,
				45D0582B2183F4F0008B23CE /* Assets.xcassets in Resources */,
			);
			runOnlyForDeploymentPostprocessing = 0;
		};
/* End PBXResourcesBuildPhase section */

/* Begin PBXShellScriptBuildPhase section */
		458BC3D22183FCFC001CE96B /* Build Kotlin Native */ = {
			isa = PBXShellScriptBuildPhase;
			buildActionMask = 2147483647;
			files = (
			);
			inputFileListPaths = (
			);
			inputPaths = (
			);
			name = "Build Kotlin Native";
			outputFileListPaths = (
			);
			outputPaths = (
			);
			runOnlyForDeploymentPostprocessing = 0;
			shellPath = /bin/sh;
			shellScript = "cd $SRCROOT/../\n./gradlew :common:packForXCode -PXCODE_CONFIGURATION=${CONFIGURATION}\n";
		};
		6D2A4D0B68E041842DFD6E51 /* [CP] Embed Pods Frameworks */ = {
			isa = PBXShellScriptBuildPhase;
			buildActionMask = 2147483647;
			files = (
			);
			inputFileListPaths = (
			);
			inputPaths = (
				"${SRCROOT}/Pods/Target Support Files/Pods-RakutenRanking/Pods-RakutenRanking-frameworks.sh",
				"${BUILT_PRODUCTS_DIR}/DifferenceKit/DifferenceKit.framework",
				"${BUILT_PRODUCTS_DIR}/Keys/Keys.framework",
				"${BUILT_PRODUCTS_DIR}/Nuke/Nuke.framework",
				"${BUILT_PRODUCTS_DIR}/SnapKit/SnapKit.framework",
			);
			name = "[CP] Embed Pods Frameworks";
			outputFileListPaths = (
			);
			outputPaths = (
				"${TARGET_BUILD_DIR}/${FRAMEWORKS_FOLDER_PATH}/DifferenceKit.framework",
				"${TARGET_BUILD_DIR}/${FRAMEWORKS_FOLDER_PATH}/Keys.framework",
				"${TARGET_BUILD_DIR}/${FRAMEWORKS_FOLDER_PATH}/Nuke.framework",
				"${TARGET_BUILD_DIR}/${FRAMEWORKS_FOLDER_PATH}/SnapKit.framework",
			);
			runOnlyForDeploymentPostprocessing = 0;
			shellPath = /bin/sh;
			shellScript = "\"${SRCROOT}/Pods/Target Support Files/Pods-RakutenRanking/Pods-RakutenRanking-frameworks.sh\"\n";
			showEnvVarsInLog = 0;
		};
		BC63ADE8A17CC86FB78B69BF /* [CP] Check Pods Manifest.lock */ = {
			isa = PBXShellScriptBuildPhase;
			buildActionMask = 2147483647;
			files = (
			);
			inputFileListPaths = (
			);
			inputPaths = (
				"${PODS_PODFILE_DIR_PATH}/Podfile.lock",
				"${PODS_ROOT}/Manifest.lock",
			);
			name = "[CP] Check Pods Manifest.lock";
			outputFileListPaths = (
			);
			outputPaths = (
				"$(DERIVED_FILE_DIR)/Pods-RakutenRanking-checkManifestLockResult.txt",
			);
			runOnlyForDeploymentPostprocessing = 0;
			shellPath = /bin/sh;
			shellScript = "diff \"${PODS_PODFILE_DIR_PATH}/Podfile.lock\" \"${PODS_ROOT}/Manifest.lock\" > /dev/null\nif [ $? != 0 ] ; then\n    # print error to STDERR\n    echo \"error: The sandbox is not in sync with the Podfile.lock. Run 'pod install' or update your CocoaPods installation.\" >&2\n    exit 1\nfi\n# This output is used by Xcode 'outputs' to avoid re-running this script phase.\necho \"SUCCESS\" > \"${SCRIPT_OUTPUT_FILE_0}\"\n";
			showEnvVarsInLog = 0;
		};
/* End PBXShellScriptBuildPhase section */

/* Begin PBXSourcesBuildPhase section */
		45D0581C2183F4EE008B23CE /* Sources */ = {
			isa = PBXSourcesBuildPhase;
			buildActionMask = 2147483647;
			files = (
				45779773219FD8C500E69F1E /* UICollectionView+Extension.swift in Sources */,
				45D058262183F4EF008B23CE /* RankingViewController.swift in Sources */,
				45779777219FFBCB00E69F1E /* RankingHeaderView.swift in Sources */,
				45582E2321985F7B001A0F5D /* RankingItemCell.swift in Sources */,
				45779770219FD6E900E69F1E /* RankingHistoryItemCell.swift in Sources */,
				45582E3021999BB7001A0F5D /* NibLoadableView.swift in Sources */,
				45582E342199A346001A0F5D /* Int+Extension.swift in Sources */,
				45D058242183F4EF008B23CE /* AppDelegate.swift in Sources */,
				45582E2E21999A39001A0F5D /* ReusableView.swift in Sources */,
				45582E3221999C1B001A0F5D /* UITableView+Extension.swift in Sources */,
			);
			runOnlyForDeploymentPostprocessing = 0;
		};
/* End PBXSourcesBuildPhase section */

/* Begin PBXVariantGroup section */
		45D0582C2183F4F0008B23CE /* LaunchScreen.storyboard */ = {
			isa = PBXVariantGroup;
			children = (
				45D0582D2183F4F0008B23CE /* Base */,
			);
			name = LaunchScreen.storyboard;
			sourceTree = "<group>";
		};
/* End PBXVariantGroup section */

/* Begin XCBuildConfiguration section */
		45D058302183F4F0008B23CE /* Debug */ = {
			isa = XCBuildConfiguration;
			buildSettings = {
				ALWAYS_SEARCH_USER_PATHS = NO;
				CLANG_ANALYZER_NONNULL = YES;
				CLANG_ANALYZER_NUMBER_OBJECT_CONVERSION = YES_AGGRESSIVE;
				CLANG_CXX_LANGUAGE_STANDARD = "gnu++14";
				CLANG_CXX_LIBRARY = "libc++";
				CLANG_ENABLE_MODULES = YES;
				CLANG_ENABLE_OBJC_ARC = YES;
				CLANG_ENABLE_OBJC_WEAK = YES;
				CLANG_WARN_BLOCK_CAPTURE_AUTORELEASING = YES;
				CLANG_WARN_BOOL_CONVERSION = YES;
				CLANG_WARN_COMMA = YES;
				CLANG_WARN_CONSTANT_CONVERSION = YES;
				CLANG_WARN_DEPRECATED_OBJC_IMPLEMENTATIONS = YES;
				CLANG_WARN_DIRECT_OBJC_ISA_USAGE = YES_ERROR;
				CLANG_WARN_DOCUMENTATION_COMMENTS = YES;
				CLANG_WARN_EMPTY_BODY = YES;
				CLANG_WARN_ENUM_CONVERSION = YES;
				CLANG_WARN_INFINITE_RECURSION = YES;
				CLANG_WARN_INT_CONVERSION = YES;
				CLANG_WARN_NON_LITERAL_NULL_CONVERSION = YES;
				CLANG_WARN_OBJC_IMPLICIT_RETAIN_SELF = YES;
				CLANG_WARN_OBJC_LITERAL_CONVERSION = YES;
				CLANG_WARN_OBJC_ROOT_CLASS = YES_ERROR;
				CLANG_WARN_RANGE_LOOP_ANALYSIS = YES;
				CLANG_WARN_STRICT_PROTOTYPES = YES;
				CLANG_WARN_SUSPICIOUS_MOVE = YES;
				CLANG_WARN_UNGUARDED_AVAILABILITY = YES_AGGRESSIVE;
				CLANG_WARN_UNREACHABLE_CODE = YES;
				CLANG_WARN__DUPLICATE_METHOD_MATCH = YES;
				CODE_SIGN_IDENTITY = "iPhone Developer";
				COPY_PHASE_STRIP = NO;
				DEBUG_INFORMATION_FORMAT = dwarf;
				ENABLE_STRICT_OBJC_MSGSEND = YES;
				ENABLE_TESTABILITY = YES;
				GCC_C_LANGUAGE_STANDARD = gnu11;
				GCC_DYNAMIC_NO_PIC = NO;
				GCC_NO_COMMON_BLOCKS = YES;
				GCC_OPTIMIZATION_LEVEL = 0;
				GCC_PREPROCESSOR_DEFINITIONS = (
					"DEBUG=1",
					"$(inherited)",
				);
				GCC_WARN_64_TO_32_BIT_CONVERSION = YES;
				GCC_WARN_ABOUT_RETURN_TYPE = YES_ERROR;
				GCC_WARN_UNDECLARED_SELECTOR = YES;
				GCC_WARN_UNINITIALIZED_AUTOS = YES_AGGRESSIVE;
				GCC_WARN_UNUSED_FUNCTION = YES;
				GCC_WARN_UNUSED_VARIABLE = YES;
				IPHONEOS_DEPLOYMENT_TARGET = 12.0;
				MTL_ENABLE_DEBUG_INFO = INCLUDE_SOURCE;
				MTL_FAST_MATH = YES;
				ONLY_ACTIVE_ARCH = YES;
				SDKROOT = iphoneos;
				SWIFT_ACTIVE_COMPILATION_CONDITIONS = DEBUG;
				SWIFT_OPTIMIZATION_LEVEL = "-Onone";
			};
			name = Debug;
		};
		45D058312183F4F0008B23CE /* Release */ = {
			isa = XCBuildConfiguration;
			buildSettings = {
				ALWAYS_SEARCH_USER_PATHS = NO;
				CLANG_ANALYZER_NONNULL = YES;
				CLANG_ANALYZER_NUMBER_OBJECT_CONVERSION = YES_AGGRESSIVE;
				CLANG_CXX_LANGUAGE_STANDARD = "gnu++14";
				CLANG_CXX_LIBRARY = "libc++";
				CLANG_ENABLE_MODULES = YES;
				CLANG_ENABLE_OBJC_ARC = YES;
				CLANG_ENABLE_OBJC_WEAK = YES;
				CLANG_WARN_BLOCK_CAPTURE_AUTORELEASING = YES;
				CLANG_WARN_BOOL_CONVERSION = YES;
				CLANG_WARN_COMMA = YES;
				CLANG_WARN_CONSTANT_CONVERSION = YES;
				CLANG_WARN_DEPRECATED_OBJC_IMPLEMENTATIONS = YES;
				CLANG_WARN_DIRECT_OBJC_ISA_USAGE = YES_ERROR;
				CLANG_WARN_DOCUMENTATION_COMMENTS = YES;
				CLANG_WARN_EMPTY_BODY = YES;
				CLANG_WARN_ENUM_CONVERSION = YES;
				CLANG_WARN_INFINITE_RECURSION = YES;
				CLANG_WARN_INT_CONVERSION = YES;
				CLANG_WARN_NON_LITERAL_NULL_CONVERSION = YES;
				CLANG_WARN_OBJC_IMPLICIT_RETAIN_SELF = YES;
				CLANG_WARN_OBJC_LITERAL_CONVERSION = YES;
				CLANG_WARN_OBJC_ROOT_CLASS = YES_ERROR;
				CLANG_WARN_RANGE_LOOP_ANALYSIS = YES;
				CLANG_WARN_STRICT_PROTOTYPES = YES;
				CLANG_WARN_SUSPICIOUS_MOVE = YES;
				CLANG_WARN_UNGUARDED_AVAILABILITY = YES_AGGRESSIVE;
				CLANG_WARN_UNREACHABLE_CODE = YES;
				CLANG_WARN__DUPLICATE_METHOD_MATCH = YES;
				CODE_SIGN_IDENTITY = "iPhone Developer";
				COPY_PHASE_STRIP = NO;
				DEBUG_INFORMATION_FORMAT = "dwarf-with-dsym";
				ENABLE_NS_ASSERTIONS = NO;
				ENABLE_STRICT_OBJC_MSGSEND = YES;
				GCC_C_LANGUAGE_STANDARD = gnu11;
				GCC_NO_COMMON_BLOCKS = YES;
				GCC_WARN_64_TO_32_BIT_CONVERSION = YES;
				GCC_WARN_ABOUT_RETURN_TYPE = YES_ERROR;
				GCC_WARN_UNDECLARED_SELECTOR = YES;
				GCC_WARN_UNINITIALIZED_AUTOS = YES_AGGRESSIVE;
				GCC_WARN_UNUSED_FUNCTION = YES;
				GCC_WARN_UNUSED_VARIABLE = YES;
				IPHONEOS_DEPLOYMENT_TARGET = 12.0;
				MTL_ENABLE_DEBUG_INFO = NO;
				MTL_FAST_MATH = YES;
				SDKROOT = iphoneos;
				SWIFT_COMPILATION_MODE = wholemodule;
				SWIFT_OPTIMIZATION_LEVEL = "-O";
				VALIDATE_PRODUCT = YES;
			};
			name = Release;
		};
		45D058332183F4F0008B23CE /* Debug */ = {
			isa = XCBuildConfiguration;
			baseConfigurationReference = 832D32252C0904F9D1FFFF3B /* Pods-RakutenRanking.debug.xcconfig */;
			buildSettings = {
				ASSETCATALOG_COMPILER_APPICON_NAME = AppIcon;
				CODE_SIGN_STYLE = Manual;
				DEVELOPMENT_TEAM = "";
				ENABLE_BITCODE = NO;
				FRAMEWORK_SEARCH_PATHS = (
					"$(inherited)",
					"\"${PODS_CONFIGURATION_BUILD_DIR}/MDFInternationalization\"",
					"\"${PODS_CONFIGURATION_BUILD_DIR}/MDFTextAccessibility\"",
					"\"${PODS_CONFIGURATION_BUILD_DIR}/MaterialComponents\"",
					"\"${PODS_CONFIGURATION_BUILD_DIR}/MotionAnimator\"",
					"\"${PODS_CONFIGURATION_BUILD_DIR}/MotionInterchange\"",
					"\"${PODS_CONFIGURATION_BUILD_DIR}/MotionTransitioning\"",
					"\"${SRCROOT}/../common/build/xcode-frameworks\"",
				);
				INFOPLIST_FILE = RakutenRanking/Info.plist;
				IPHONEOS_DEPLOYMENT_TARGET = 11.0;
				LD_RUNPATH_SEARCH_PATHS = (
					"$(inherited)",
					"@executable_path/Frameworks",
				);
				PRODUCT_BUNDLE_IDENTIFIER = com.github.watabee.RakutenRanking;
				PRODUCT_NAME = "$(TARGET_NAME)";
				PROVISIONING_PROFILE_SPECIFIER = "";
				SWIFT_VERSION = 4.2;
				TARGETED_DEVICE_FAMILY = "1,2";
			};
			name = Debug;
		};
		45D058342183F4F0008B23CE /* Release */ = {
			isa = XCBuildConfiguration;
			baseConfigurationReference = 4231D5D884195DBA0566C1DE /* Pods-RakutenRanking.release.xcconfig */;
			buildSettings = {
				ASSETCATALOG_COMPILER_APPICON_NAME = AppIcon;
				CODE_SIGN_STYLE = Manual;
				DEVELOPMENT_TEAM = "";
				ENABLE_BITCODE = NO;
				FRAMEWORK_SEARCH_PATHS = (
					"$(inherited)",
					"\"${PODS_CONFIGURATION_BUILD_DIR}/MDFInternationalization\"",
					"\"${PODS_CONFIGURATION_BUILD_DIR}/MDFTextAccessibility\"",
					"\"${PODS_CONFIGURATION_BUILD_DIR}/MaterialComponents\"",
					"\"${PODS_CONFIGURATION_BUILD_DIR}/MotionAnimator\"",
					"\"${PODS_CONFIGURATION_BUILD_DIR}/MotionInterchange\"",
					"\"${PODS_CONFIGURATION_BUILD_DIR}/MotionTransitioning\"",
					"\"${SRCROOT}/../common/build/xcode-frameworks\"",
				);
				INFOPLIST_FILE = RakutenRanking/Info.plist;
				IPHONEOS_DEPLOYMENT_TARGET = 11.0;
				LD_RUNPATH_SEARCH_PATHS = (
					"$(inherited)",
					"@executable_path/Frameworks",
				);
				PRODUCT_BUNDLE_IDENTIFIER = com.github.watabee.RakutenRanking;
				PRODUCT_NAME = "$(TARGET_NAME)";
				PROVISIONING_PROFILE_SPECIFIER = "";
				SWIFT_VERSION = 4.2;
				TARGETED_DEVICE_FAMILY = "1,2";
			};
			name = Release;
		};
/* End XCBuildConfiguration section */

/* Begin XCConfigurationList section */
		45D0581B2183F4EE008B23CE /* Build configuration list for PBXProject "RakutenRanking" */ = {
			isa = XCConfigurationList;
			buildConfigurations = (
				45D058302183F4F0008B23CE /* Debug */,
				45D058312183F4F0008B23CE /* Release */,
			);
			defaultConfigurationIsVisible = 0;
			defaultConfigurationName = Release;
		};
		45D058322183F4F0008B23CE /* Build configuration list for PBXNativeTarget "RakutenRanking" */ = {
			isa = XCConfigurationList;
			buildConfigurations = (
				45D058332183F4F0008B23CE /* Debug */,
				45D058342183F4F0008B23CE /* Release */,
			);
			defaultConfigurationIsVisible = 0;
			defaultConfigurationName = Release;
		};
/* End XCConfigurationList section */
	};
	rootObject = 45D058182183F4EE008B23CE /* Project object */;
}
